
Microsoft Visual Studio Solution File, Format Version 12.00
Project("{2150E333-8FDC-42A3-9474-1A3956D46DE8}") = "src", "src", "{A5101547-06CB-4CE9-8570-A7CB434E42C3}"
EndProject
Project("{FAE04EC0-301F-11D3-BF4B-00C04F79EFBC}") = "Npgsql.StorageFacade", "src\Npgsql.StorageFacade\Npgsql.StorageFacade.csproj", "{D30116FE-BADC-49B9-A594-8F12B1280F09}"
EndProject
Project("{FAE04EC0-301F-11D3-BF4B-00C04F79EFBC}") = "Npgsql.StorageFacade.Common", "src\Npgsql.StorageFacade.Common\Npgsql.StorageFacade.Common.csproj", "{B8E45610-C426-47C9-9FB4-D856E656958C}"
EndProject
Project("{2150E333-8FDC-42A3-9474-1A3956D46DE8}") = "tests", "tests", "{1820C326-EAA2-4FC1-A4B8-A8C667C528A7}"
EndProject
Project("{FAE04EC0-301F-11D3-BF4B-00C04F79EFBC}") = "Npgsql.StorageFacade.Tests", "tests\Npgsql.StorageFacade.Tests\Npgsql.StorageFacade.Tests.csproj", "{B32F7C1C-3F65-46A8-AE2E-6CBE545E7351}"
EndProject
Global
	GlobalSection(SolutionConfigurationPlatforms) = preSolution
		Debug|Any CPU = Debug|Any CPU
		Release|Any CPU = Release|Any CPU
	EndGlobalSection
	GlobalSection(ProjectConfigurationPlatforms) = postSolution
		{D30116FE-BADC-49B9-A594-8F12B1280F09}.Debug|Any CPU.ActiveCfg = Debug|Any CPU
		{D30116FE-BADC-49B9-A594-8F12B1280F09}.Debug|Any CPU.Build.0 = Debug|Any CPU
		{D30116FE-BADC-49B9-A594-8F12B1280F09}.Release|Any CPU.ActiveCfg = Release|Any CPU
		{D30116FE-BADC-49B9-A594-8F12B1280F09}.Release|Any CPU.Build.0 = Release|Any CPU
		{B8E45610-C426-47C9-9FB4-D856E656958C}.Debug|Any CPU.ActiveCfg = Debug|Any CPU
		{B8E45610-C426-47C9-9FB4-D856E656958C}.Debug|Any CPU.Build.0 = Debug|Any CPU
		{B8E45610-C426-47C9-9FB4-D856E656958C}.Release|Any CPU.ActiveCfg = Release|Any CPU
		{B8E45610-C426-47C9-9FB4-D856E656958C}.Release|Any CPU.Build.0 = Release|Any CPU
		{B32F7C1C-3F65-46A8-AE2E-6CBE545E7351}.Debug|Any CPU.ActiveCfg = Debug|Any CPU
		{B32F7C1C-3F65-46A8-AE2E-6CBE545E7351}.Debug|Any CPU.Build.0 = Debug|Any CPU
		{B32F7C1C-3F65-46A8-AE2E-6CBE545E7351}.Release|Any CPU.ActiveCfg = Release|Any CPU
		{B32F7C1C-3F65-46A8-AE2E-6CBE545E7351}.Release|Any CPU.Build.0 = Release|Any CPU
	EndGlobalSection
	GlobalSection(NestedProjects) = preSolution
		{D30116FE-BADC-49B9-A594-8F12B1280F09} = {A5101547-06CB-4CE9-8570-A7CB434E42C3}
		{B8E45610-C426-47C9-9FB4-D856E656958C} = {A5101547-06CB-4CE9-8570-A7CB434E42C3}
		{B32F7C1C-3F65-46A8-AE2E-6CBE545E7351} = {1820C326-EAA2-4FC1-A4B8-A8C667C528A7}
	EndGlobalSection
EndGlobal
